// !$*UTF8*$!
{
	archiveVersion = 1;
	classes = {
	};
	objectVersion = 46;
	objects = {

/* Begin PBXBuildFile section */
		1971F0B51A94539800707094 /* main.m in Sources */ = {isa = PBXBuildFile; fileRef = 1971F0B41A94539800707094 /* main.m */; };
		1971F0B81A94539800707094 /* AppDelegate.m in Sources */ = {isa = PBXBuildFile; fileRef = 1971F0B71A94539800707094 /* AppDelegate.m */; };
		1971F0BB1A94539800707094 /* ViewController.m in Sources */ = {isa = PBXBuildFile; fileRef = 1971F0BA1A94539800707094 /* ViewController.m */; };
		1971F0C01A94539800707094 /* Images.xcassets in Resources */ = {isa = PBXBuildFile; fileRef = 1971F0BF1A94539800707094 /* Images.xcassets */; };
		1971F0C31A94539800707094 /* LaunchScreen.xib in Resources */ = {isa = PBXBuildFile; fileRef = 1971F0C11A94539800707094 /* LaunchScreen.xib */; };
		1971F0CF1A94539800707094 /* AlcolatorTests.m in Sources */ = {isa = PBXBuildFile; fileRef = 1971F0CE1A94539800707094 /* AlcolatorTests.m */; };
		19B635E11A9463720094517D /* WhiskeyViewController.m in Sources */ = {isa = PBXBuildFile; fileRef = 19B635E01A9463720094517D /* WhiskeyViewController.m */; };
/* End PBXBuildFile section */

/* Begin PBXContainerItemProxy section */
		1971F0C91A94539800707094 /* PBXContainerItemProxy */ = {
			isa = PBXContainerItemProxy;
			containerPortal = 1971F0A71A94539800707094 /* Project object */;
			proxyType = 1;
			remoteGlobalIDString = 1971F0AE1A94539800707094;
			remoteInfo = Alcolator;
		};
/* End PBXContainerItemProxy section */

/* Begin PBXFileReference section */
		1971F0AF1A94539800707094 /* Alcolator.app */ = {isa = PBXFileReference; explicitFileType = wrapper.application; includeInIndex = 0; path = Alcolator.app; sourceTree = BUILT_PRODUCTS_DIR; };
		1971F0B31A94539800707094 /* Info.plist */ = {isa = PBXFileReference; lastKnownFileType = text.plist.xml; path = Info.plist; sourceTree = "<group>"; };
		1971F0B41A94539800707094 /* main.m */ = {isa = PBXFileReference; lastKnownFileType = sourcecode.c.objc; path = main.m; sourceTree = "<group>"; };
		1971F0B61A94539800707094 /* AppDelegate.h */ = {isa = PBXFileReference; lastKnownFileType = sourcecode.c.h; path = AppDelegate.h; sourceTree = "<group>"; };
		1971F0B71A94539800707094 /* AppDelegate.m */ = {isa = PBXFileReference; lastKnownFileType = sourcecode.c.objc; path = AppDelegate.m; sourceTree = "<group>"; };
		1971F0B91A94539800707094 /* ViewController.h */ = {isa = PBXFileReference; lastKnownFileType = sourcecode.c.h; path = ViewController.h; sourceTree = "<group>"; };
		1971F0BA1A94539800707094 /* ViewController.m */ = {isa = PBXFileReference; lastKnownFileType = sourcecode.c.objc; path = ViewController.m; sourceTree = "<group>"; };
		1971F0BF1A94539800707094 /* Images.xcassets */ = {isa = PBXFileReference; lastKnownFileType = folder.assetcatalog; path = Images.xcassets; sourceTree = "<group>"; };
		1971F0C21A94539800707094 /* Base */ = {isa = PBXFileReference; lastKnownFileType = file.xib; name = Base; path = Base.lproj/LaunchScreen.xib; sourceTree = "<group>"; };
		1971F0C81A94539800707094 /* AlcolatorTests.xctest */ = {isa = PBXFileReference; explicitFileType = wrapper.cfbundle; includeInIndex = 0; path = AlcolatorTests.xctest; sourceTree = BUILT_PRODUCTS_DIR; };
		1971F0CD1A94539800707094 /* Info.plist */ = {isa = PBXFileReference; lastKnownFileType = text.plist.xml; path = Info.plist; sourceTree = "<group>"; };
		1971F0CE1A94539800707094 /* AlcolatorTests.m */ = {isa = PBXFileReference; lastKnownFileType = sourcecode.c.objc; path = AlcolatorTests.m; sourceTree = "<group>"; };
		19B635DF1A9463720094517D /* WhiskeyViewController.h */ = {isa = PBXFileReference; fileEncoding = 4; lastKnownFileType = sourcecode.c.h; path = WhiskeyViewController.h; sourceTree = "<group>"; };
		19B635E01A9463720094517D /* WhiskeyViewController.m */ = {isa = PBXFileReference; fileEncoding = 4; lastKnownFileType = sourcecode.c.objc; path = WhiskeyViewController.m; sourceTree = "<group>"; };
/* End PBXFileReference section */

/* Begin PBXFrameworksBuildPhase section */
		1971F0AC1A94539800707094 /* Frameworks */ = {
			isa = PBXFrameworksBuildPhase;
			buildActionMask = 2147483647;
			files = (
			);
			runOnlyForDeploymentPostprocessing = 0;
		};
		1971F0C51A94539800707094 /* Frameworks */ = {
			isa = PBXFrameworksBuildPhase;
			buildActionMask = 2147483647;
			files = (
			);
			runOnlyForDeploymentPostprocessing = 0;
		};
/* End PBXFrameworksBuildPhase section */

/* Begin PBXGroup section */
		1971F0A61A94539800707094 = {
			isa = PBXGroup;
			children = (
				1971F0B11A94539800707094 /* Alcolator */,
				1971F0CB1A94539800707094 /* AlcolatorTests */,
				1971F0B01A94539800707094 /* Products */,
			);
			sourceTree = "<group>";
		};
		1971F0B01A94539800707094 /* Products */ = {
			isa = PBXGroup;
			children = (
				1971F0AF1A94539800707094 /* Alcolator.app */,
				1971F0C81A94539800707094 /* AlcolatorTests.xctest */,
			);
			name = Products;
			sourceTree = "<group>";
		};
		1971F0B11A94539800707094 /* Alcolator */ = {
			isa = PBXGroup;
			children = (
				1971F0B61A94539800707094 /* AppDelegate.h */,
				1971F0B71A94539800707094 /* AppDelegate.m */,
				1971F0B91A94539800707094 /* ViewController.h */,
				1971F0BA1A94539800707094 /* ViewController.m */,
				19B635DF1A9463720094517D /* WhiskeyViewController.h */,
				19B635E01A9463720094517D /* WhiskeyViewController.m */,
				1971F0BF1A94539800707094 /* Images.xcassets */,
				1971F0C11A94539800707094 /* LaunchScreen.xib */,
				1971F0B21A94539800707094 /* Supporting Files */,
			);
			path = Alcolator;
			sourceTree = "<group>";
		};
		1971F0B21A94539800707094 /* Supporting Files */ = {
			isa = PBXGroup;
			children = (
				1971F0B31A94539800707094 /* Info.plist */,
				1971F0B41A94539800707094 /* main.m */,
			);
			name = "Supporting Files";
			sourceTree = "<group>";
		};
		1971F0CB1A94539800707094 /* AlcolatorTests */ = {
			isa = PBXGroup;
			children = (
				1971F0CE1A94539800707094 /* AlcolatorTests.m */,
				1971F0CC1A94539800707094 /* Supporting Files */,
			);
			path = AlcolatorTests;
			sourceTree = "<group>";
		};
		1971F0CC1A94539800707094 /* Supporting Files */ = {
			isa = PBXGroup;
			children = (
				1971F0CD1A94539800707094 /* Info.plist */,
			);
			name = "Supporting Files";
			sourceTree = "<group>";
		};
/* End PBXGroup section */

/* Begin PBXNativeTarget section */
		1971F0AE1A94539800707094 /* Alcolator */ = {
			isa = PBXNativeTarget;
			buildConfigurationList = 1971F0D21A94539800707094 /* Build configuration list for PBXNativeTarget "Alcolator" */;
			buildPhases = (
				1971F0AB1A94539800707094 /* Sources */,
				1971F0AC1A94539800707094 /* Frameworks */,
				1971F0AD1A94539800707094 /* Resources */,
			);
			buildRules = (
			);
			dependencies = (
			);
			name = Alcolator;
			productName = Alcolator;
			productReference = 1971F0AF1A94539800707094 /* Alcolator.app */;
			productType = "com.apple.product-type.application";
		};
		1971F0C71A94539800707094 /* AlcolatorTests */ = {
			isa = PBXNativeTarget;
			buildConfigurationList = 1971F0D51A94539800707094 /* Build configuration list for PBXNativeTarget "AlcolatorTests" */;
			buildPhases = (
				1971F0C41A94539800707094 /* Sources */,
				1971F0C51A94539800707094 /* Frameworks */,
				1971F0C61A94539800707094 /* Resources */,
			);
			buildRules = (
			);
			dependencies = (
				1971F0CA1A94539800707094 /* PBXTargetDependency */,
			);
			name = AlcolatorTests;
			productName = AlcolatorTests;
			productReference = 1971F0C81A94539800707094 /* AlcolatorTests.xctest */;
			productType = "com.apple.product-type.bundle.unit-test";
		};
/* End PBXNativeTarget section */

/* Begin PBXProject section */
		1971F0A71A94539800707094 /* Project object */ = {
			isa = PBXProject;
			attributes = {
				LastUpgradeCheck = 0610;
				ORGANIZATIONNAME = Bloc;
				TargetAttributes = {
					1971F0AE1A94539800707094 = {
						CreatedOnToolsVersion = 6.1.1;
					};
					1971F0C71A94539800707094 = {
						CreatedOnToolsVersion = 6.1.1;
						TestTargetID = 1971F0AE1A94539800707094;
					};
				};
			};
			buildConfigurationList = 1971F0AA1A94539800707094 /* Build configuration list for PBXProject "Alcolator" */;
			compatibilityVersion = "Xcode 3.2";
			developmentRegion = English;
			hasScannedForEncodings = 0;
			knownRegions = (
				en,
				Base,
			);
			mainGroup = 1971F0A61A94539800707094;
			productRefGroup = 1971F0B01A94539800707094 /* Products */;
			projectDirPath = "";
			projectRoot = "";
			targets = (
				1971F0AE1A94539800707094 /* Alcolator */,
				1971F0C71A94539800707094 /* AlcolatorTests */,
			);
		};
/* End PBXProject section */

/* Begin PBXResourcesBuildPhase section */
		1971F0AD1A94539800707094 /* Resources */ = {
			isa = PBXResourcesBuildPhase;
			buildActionMask = 2147483647;
			files = (
				1971F0C31A94539800707094 /* LaunchScreen.xib in Resources */,
				1971F0C01A94539800707094 /* Images.xcassets in Resources */,
			);
			runOnlyForDeploymentPostprocessing = 0;
		};
		1971F0C61A94539800707094 /* Resources */ = {
			isa = PBXResourcesBuildPhase;
			buildActionMask = 2147483647;
			files = (
			);
			runOnlyForDeploymentPostprocessing = 0;
		};
/* End PBXResourcesBuildPhase section */

/* Begin PBXSourcesBuildPhase section */
		1971F0AB1A94539800707094 /* Sources */ = {
			isa = PBXSourcesBuildPhase;
			buildActionMask = 2147483647;
			files = (
				1971F0BB1A94539800707094 /* ViewController.m in Sources */,
				19B635E11A9463720094517D /* WhiskeyViewController.m in Sources */,
				1971F0B81A94539800707094 /* AppDelegate.m in Sources */,
				1971F0B51A94539800707094 /* main.m in Sources */,
			);
			runOnlyForDeploymentPostprocessing = 0;
		};
		1971F0C41A94539800707094 /* Sources */ = {
			isa = PBXSourcesBuildPhase;
			buildActionMask = 2147483647;
			files = (
				1971F0CF1A94539800707094 /* AlcolatorTests.m in Sources */,
			);
			runOnlyForDeploymentPostprocessing = 0;
		};
/* End PBXSourcesBuildPhase section */

/* Begin PBXTargetDependency section */
		1971F0CA1A94539800707094 /* PBXTargetDependency */ = {
			isa = PBXTargetDependency;
			target = 1971F0AE1A94539800707094 /* Alcolator */;
			targetProxy = 1971F0C91A94539800707094 /* PBXContainerItemProxy */;
		};
/* End PBXTargetDependency section */

/* Begin PBXVariantGroup section */
		1971F0C11A94539800707094 /* LaunchScreen.xib */ = {
			isa = PBXVariantGroup;
			children = (
				1971F0C21A94539800707094 /* Base */,
			);
			name = LaunchScreen.xib;
			sourceTree = "<group>";
		};
/* End PBXVariantGroup section */

/* Begin XCBuildConfiguration section */
		1971F0D01A94539800707094 /* Debug */ = {
			isa = XCBuildConfiguration;
			buildSettings = {
				ALWAYS_SEARCH_USER_PATHS = NO;
				CLANG_CXX_LANGUAGE_STANDARD = "gnu++0x";
				CLANG_CXX_LIBRARY = "libc++";
				CLANG_ENABLE_MODULES = YES;
				CLANG_ENABLE_OBJC_ARC = YES;
				CLANG_WARN_BOOL_CONVERSION = YES;
				CLANG_WARN_CONSTANT_CONVERSION = YES;
				CLANG_WARN_DIRECT_OBJC_ISA_USAGE = YES_ERROR;
				CLANG_WARN_EMPTY_BODY = YES;
				CLANG_WARN_ENUM_CONVERSION = YES;
				CLANG_WARN_INT_CONVERSION = YES;
				CLANG_WARN_OBJC_ROOT_CLASS = YES_ERROR;
				CLANG_WARN_UNREACHABLE_CODE = YES;
				CLANG_WARN__DUPLICATE_METHOD_MATCH = YES;
				"CODE_SIGN_IDENTITY[sdk=iphoneos*]" = "iPhone Developer";
				COPY_PHASE_STRIP = NO;
				ENABLE_STRICT_OBJC_MSGSEND = YES;
				GCC_C_LANGUAGE_STANDARD = gnu99;
				GCC_DYNAMIC_NO_PIC = NO;
				GCC_OPTIMIZATION_LEVEL = 0;
				GCC_PREPROCESSOR_DEFINITIONS = (
					"DEBUG=1",
					"$(inherited)",
				);
				GCC_SYMBOLS_PRIVATE_EXTERN = NO;
				GCC_WARN_64_TO_32_BIT_CONVERSION = YES;
				GCC_WARN_ABOUT_RETURN_TYPE = YES_ERROR;
				GCC_WARN_UNDECLARED_SELECTOR = YES;
				GCC_WARN_UNINITIALIZED_AUTOS = YES_AGGRESSIVE;
				GCC_WARN_UNUSED_FUNCTION = YES;
				GCC_WARN_UNUSED_VARIABLE = YES;
				IPHONEOS_DEPLOYMENT_TARGET = 8.1;
				MTL_ENABLE_DEBUG_INFO = YES;
				ONLY_ACTIVE_ARCH = YES;
				SDKROOT = iphoneos;
				TARGETED_DEVICE_FAMILY = "1,2";
			};
			name = Debug;
		};
		1971F0D11A94539800707094 /* Release */ = {
			isa = XCBuildConfiguration;
			buildSettings = {
				ALWAYS_SEARCH_USER_PATHS = NO;
				CLANG_CXX_LANGUAGE_STANDARD = "gnu++0x";
				CLANG_CXX_LIBRARY = "libc++";
				CLANG_ENABLE_MODULES = YES;
				CLANG_ENABLE_OBJC_ARC = YES;
				CLANG_WARN_BOOL_CONVERSION = YES;
				CLANG_WARN_CONSTANT_CONVERSION = YES;
				CLANG_WARN_DIRECT_OBJC_ISA_USAGE = YES_ERROR;
				CLANG_WARN_EMPTY_BODY = YES;
				CLANG_WARN_ENUM_CONVERSION = YES;
				CLANG_WARN_INT_CONVERSION = YES;
				CLANG_WARN_OBJC_ROOT_CLASS = YES_ERROR;
				CLANG_WARN_UNREACHABLE_CODE = YES;
				CLANG_WARN__DUPLICATE_METHOD_MATCH = YES;
				"CODE_SIGN_IDENTITY[sdk=iphoneos*]" = "iPhone Developer";
				COPY_PHASE_STRIP = YES;
				ENABLE_NS_ASSERTIONS = NO;
				ENABLE_STRICT_OBJC_MSGSEND = YES;
				GCC_C_LANGUAGE_STANDARD = gnu99;
				GCC_WARN_64_TO_32_BIT_CONVERSION = YES;
				GCC_WARN_ABOUT_RETURN_TYPE = YES_ERROR;
				GCC_WARN_UNDECLARED_SELECTOR = YES;
				GCC_WARN_UNINITIALIZED_AUTOS = YES_AGGRESSIVE;
				GCC_WARN_UNUSED_FUNCTION = YES;
				GCC_WARN_UNUSED_VARIABLE = YES;
				IPHONEOS_DEPLOYMENT_TARGET = 8.1;
				MTL_ENABLE_DEBUG_INFO = NO;
				SDKROOT = iphoneos;
				TARGETED_DEVICE_FAMILY = "1,2";
				VALIDATE_PRODUCT = YES;
			};
			name = Release;
		};
		1971F0D31A94539800707094 /* Debug */ = {
			isa = XCBuildConfiguration;
			buildSettings = {
				ASSETCATALOG_COMPILER_APPICON_NAME = AppIcon;
				INFOPLIST_FILE = Alcolator/Info.plist;
				LD_RUNPATH_SEARCH_PATHS = "$(inherited) @executable_path/Frameworks";
				PRODUCT_NAME = "$(TARGET_NAME)";
				TARGETED_DEVICE_FAMILY = "1,2";
			};
			name = Debug;
		};
		1971F0D41A94539800707094 /* Release */ = {
			isa = XCBuildConfiguration;
			buildSettings = {
				ASSETCATALOG_COMPILER_APPICON_NAME = AppIcon;
				INFOPLIST_FILE = Alcolator/Info.plist;
				LD_RUNPATH_SEARCH_PATHS = "$(inherited) @executable_path/Frameworks";
				PRODUCT_NAME = "$(TARGET_NAME)";
				TARGETED_DEVICE_FAMILY = "1,2";
			};
			name = Release;
		};
		1971F0D61A94539800707094 /* Debug */ = {
			isa = XCBuildConfiguration;
			buildSettings = {
				BUNDLE_LOADER = "$(TEST_HOST)";
				FRAMEWORK_SEARCH_PATHS = (
					"$(SDKROOT)/Developer/Library/Frameworks",
					"$(inherited)",
				);
				GCC_PREPROCESSOR_DEFINITIONS = (
					"DEBUG=1",
					"$(inherited)",
				);
				INFOPLIST_FILE = AlcolatorTests/Info.plist;
				LD_RUNPATH_SEARCH_PATHS = "$(inherited) @executable_path/Frameworks @loader_path/Frameworks";
				PRODUCT_NAME = "$(TARGET_NAME)";
				TEST_HOST = "$(BUILT_PRODUCTS_DIR)/Alcolator.app/Alcolator";
			};
			name = Debug;
		};
		1971F0D71A94539800707094 /* Release */ = {
			isa = XCBuildConfiguration;
			buildSettings = {
				BUNDLE_LOADER = "$(TEST_HOST)";
				FRAMEWORK_SEARCH_PATHS = (
					"$(SDKROOT)/Developer/Library/Frameworks",
					"$(inherited)",
				);
				INFOPLIST_FILE = AlcolatorTests/Info.plist;
				LD_RUNPATH_SEARCH_PATHS = "$(inherited) @executable_path/Frameworks @loader_path/Frameworks";
				PRODUCT_NAME = "$(TARGET_NAME)";
				TEST_HOST = "$(BUILT_PRODUCTS_DIR)/Alcolator.app/Alcolator";
			};
			name = Release;
		};
/* End XCBuildConfiguration section */

/* Begin XCConfigurationList section */
		1971F0AA1A94539800707094 /* Build configuration list for PBXProject "Alcolator" */ = {
			isa = XCConfigurationList;
			buildConfigurations = (
				1971F0D01A94539800707094 /* Debug */,
				1971F0D11A94539800707094 /* Release */,
			);
			defaultConfigurationIsVisible = 0;
			defaultConfigurationName = Release;
		};
		1971F0D21A94539800707094 /* Build configuration list for PBXNativeTarget "Alcolator" */ = {
			isa = XCConfigurationList;
			buildConfigurations = (
				1971F0D31A94539800707094 /* Debug */,
				1971F0D41A94539800707094 /* Release */,
			);
			defaultConfigurationIsVisible = 0;
			defaultConfigurationName = Release;
		};
		1971F0D51A94539800707094 /* Build configuration list for PBXNativeTarget "AlcolatorTests" */ = {
			isa = XCConfigurationList;
			buildConfigurations = (
				1971F0D61A94539800707094 /* Debug */,
				1971F0D71A94539800707094 /* Release */,
			);
			defaultConfigurationIsVisible = 0;
			defaultConfigurationName = Release;
		};
/* End XCConfigurationList section */
	};
	rootObject = 1971F0A71A94539800707094 /* Project object */;
}
